
Microsoft Visual Studio Solution File, Format Version 12.00
# Visual Studio Version 17
VisualStudioVersion = 17.4.33205.214
MinimumVisualStudioVersion = 10.0.40219.1
Project("{FAE04EC0-301F-11D3-BF4B-00C04F79EFBC}") = "Phase1-2-TheFivePrototypes", "Phase1-2-TheFivePrototypes.csproj", "{80BA5930-CA1E-4DDF-A7C8-8F3CE3E43CCE}"
EndProject
Global
	GlobalSection(SolutionConfigurationPlatforms) = preSolution
		Debug|Any CPU = Debug|Any CPU
		Release|Any CPU = Release|Any CPU
	EndGlobalSection
	GlobalSection(ProjectConfigurationPlatforms) = postSolution
		{80BA5930-CA1E-4DDF-A7C8-8F3CE3E43CCE}.Debug|Any CPU.ActiveCfg = Debug|Any CPU
		{80BA5930-CA1E-4DDF-A7C8-8F3CE3E43CCE}.Debug|Any CPU.Build.0 = Debug|Any CPU
		{80BA5930-CA1E-4DDF-A7C8-8F3CE3E43CCE}.Release|Any CPU.ActiveCfg = Release|Any CPU
		{80BA5930-CA1E-4DDF-A7C8-8F3CE3E43CCE}.Release|Any CPU.Build.0 = Release|Any CPU
	EndGlobalSection
	GlobalSection(SolutionProperties) = preSolution
		HideSolutionNode = FALSE
	EndGlobalSection
	GlobalSection(ExtensibilityGlobals) = postSolution
		SolutionGuid = {725F1595-0680-44E4-8354-97157DDE966B}
	EndGlobalSection
EndGlobal
