
Microsoft Visual Studio Solution File, Format Version 12.00
# Visual Studio Version 17
VisualStudioVersion = 17.4.33205.214
MinimumVisualStudioVersion = 10.0.40219.1
Project("{FAE04EC0-301F-11D3-BF4B-00C04F79EFBC}") = "Phase1-2-Tic-Tac-Toe", "Phase1-2-Tic-Tac-Toe.csproj", "{54397487-C899-47DE-829F-C37F66928CA4}"
EndProject
Global
	GlobalSection(SolutionConfigurationPlatforms) = preSolution
		Debug|Any CPU = Debug|Any CPU
		Release|Any CPU = Release|Any CPU
	EndGlobalSection
	GlobalSection(ProjectConfigurationPlatforms) = postSolution
		{54397487-C899-47DE-829F-C37F66928CA4}.Debug|Any CPU.ActiveCfg = Debug|Any CPU
		{54397487-C899-47DE-829F-C37F66928CA4}.Debug|Any CPU.Build.0 = Debug|Any CPU
		{54397487-C899-47DE-829F-C37F66928CA4}.Release|Any CPU.ActiveCfg = Release|Any CPU
		{54397487-C899-47DE-829F-C37F66928CA4}.Release|Any CPU.Build.0 = Release|Any CPU
	EndGlobalSection
	GlobalSection(SolutionProperties) = preSolution
		HideSolutionNode = FALSE
	EndGlobalSection
	GlobalSection(ExtensibilityGlobals) = postSolution
		SolutionGuid = {3A58D4E7-FEDD-45BC-B483-71B7B42EA648}
	EndGlobalSection
EndGlobal
